
Microsoft Visual Studio Solution File, Format Version 12.00
# Visual Studio Version 17
VisualStudioVersion = 17.5.33530.505
MinimumVisualStudioVersion = 10.0.40219.1
Project("{FAE04EC0-301F-11D3-BF4B-00C04F79EFBC}") = "GestionProductosXML", "GestionProductosXML.csproj", "{18258375-DBE0-48D3-BF18-1CF1A0AE35C7}"
EndProject
Global
	GlobalSection(SolutionConfigurationPlatforms) = preSolution
		Debug|Any CPU = Debug|Any CPU
		Release|Any CPU = Release|Any CPU
	EndGlobalSection
	GlobalSection(ProjectConfigurationPlatforms) = postSolution
		{18258375-DBE0-48D3-BF18-1CF1A0AE35C7}.Debug|Any CPU.ActiveCfg = Debug|Any CPU
		{18258375-DBE0-48D3-BF18-1CF1A0AE35C7}.Debug|Any CPU.Build.0 = Debug|Any CPU
		{18258375-DBE0-48D3-BF18-1CF1A0AE35C7}.Release|Any CPU.ActiveCfg = Release|Any CPU
		{18258375-DBE0-48D3-BF18-1CF1A0AE35C7}.Release|Any CPU.Build.0 = Release|Any CPU
	EndGlobalSection
	GlobalSection(SolutionProperties) = preSolution
		HideSolutionNode = FALSE
	EndGlobalSection
	GlobalSection(ExtensibilityGlobals) = postSolution
		SolutionGuid = {4DEA8651-6A00-4E24-B731-C2937992F1DB}
	EndGlobalSection
EndGlobal
